<?xml version="1.0" encoding="utf-8"?>
<Project ToolsVersion="4.0" xmlns="http://schemas.microsoft.com/developer/msbuild/2003">
  <ItemGroup>
    <Filter Include="Resource Files">
      <UniqueIdentifier>{67DA6AB6-F800-4c08-8B7A-83BB121AAD01}</UniqueIdentifier>
      <Extensions>rc;ico;cur;bmp;dlg;rc2;rct;bin;rgs;gif;jpg;jpeg;jpe;resx;tiff;tif;png;wav;mfcribbon-ms</Extensions>
    </Filter>
    <Filter Include="Components">
      <UniqueIdentifier>{ac243b62-6804-47ac-8b6f-06167500c3c2}</UniqueIdentifier>
    </Filter>
    <Filter Include="Components\Update">
      <UniqueIdentifier>{acca6c8e-eeee-49d6-b8d3-62b994baec00}</UniqueIdentifier>
    </Filter>
    <Filter Include="Components\Render">
      <UniqueIdentifier>{e993da21-d26a-4fc4-ba81-49453e250286}</UniqueIdentifier>
    </Filter>
    <Filter Include="Components\Data">
      <UniqueIdentifier>{b2c9f583-c5c8-4c76-ba1f-50f3f6ff03a8}</UniqueIdentifier>
    </Filter>
    <Filter Include="Imgui">
      <UniqueIdentifier>{7e15a99c-96da-448d-8dfa-7f2e9c498156}</UniqueIdentifier>
    </Filter>
    <Filter Include="Imgui\Library">
      <UniqueIdentifier>{a79d0251-af0c-468f-b3aa-3b0cc9c08689}</UniqueIdentifier>
    </Filter>
    <Filter Include="Components\ImGUI">
      <UniqueIdentifier>{4ff8d14b-2257-4106-96ea-26505335d7cf}</UniqueIdentifier>
    </Filter>
    <Filter Include="Commands">
      <UniqueIdentifier>{9f421067-ce67-4c7f-aa63-7d882de0429f}</UniqueIdentifier>
    </Filter>
    <Filter Include="Input">
      <UniqueIdentifier>{ddf97d66-0192-4c8b-aaf2-a661366a7375}</UniqueIdentifier>
    </Filter>
    <Filter Include="Render">
      <UniqueIdentifier>{17f7ee86-f891-4fb4-be77-14932ad132cc}</UniqueIdentifier>
    </Filter>
    <Filter Include="Other">
      <UniqueIdentifier>{da64a12d-9169-4e01-b235-ecab41ebe466}</UniqueIdentifier>
    </Filter>
    <Filter Include="Other\Source Files">
      <UniqueIdentifier>{4FC737F1-C7A5-4376-A066-2A32D752A2FF}</UniqueIdentifier>
      <Extensions>cpp;c;cc;cxx;def;odl;idl;hpj;bat;asm;asmx</Extensions>
    </Filter>
    <Filter Include="Other\Header Files">
      <UniqueIdentifier>{93995380-89BD-4b04-88EB-625FBE52EBFB}</UniqueIdentifier>
      <Extensions>h;hh;hpp;hxx;hm;inl;inc;xsd</Extensions>
    </Filter>
    <Filter Include="EventSystem">
      <UniqueIdentifier>{ecd45a0b-bff7-4342-8aeb-751d5c892d1b}</UniqueIdentifier>
    </Filter>
  </ItemGroup>
  <ItemGroup>
    <ClInclude Include="Singleton.h">
      <Filter>Other\Header Files</Filter>
    </ClInclude>
    <ClInclude Include="ResourceManager.h">
      <Filter>Other\Header Files</Filter>
    </ClInclude>
    <ClInclude Include="GameObject.h">
      <Filter>Other\Header Files</Filter>
    </ClInclude>
    <ClInclude Include="Scene.h">
      <Filter>Other\Header Files</Filter>
    </ClInclude>
    <ClInclude Include="SceneManager.h">
      <Filter>Other\Header Files</Filter>
    </ClInclude>
    <ClInclude Include="Minigin.h">
      <Filter>Other\Header Files</Filter>
    </ClInclude>
    <ClInclude Include="Time.h">
      <Filter>Other\Header Files</Filter>
    </ClInclude>
    <ClInclude Include="BaseComponent.h">
      <Filter>Components</Filter>
    </ClInclude>
    <ClInclude Include="FPS.h">
      <Filter>Components\Update</Filter>
    </ClInclude>
    <ClInclude Include="SpriteRenderer.h">
      <Filter>Components\Render</Filter>
    </ClInclude>
    <ClInclude Include="Transform.h">
      <Filter>Components\Data</Filter>
    </ClInclude>
    <ClInclude Include="TextRenderer.h">
      <Filter>Components\Update</Filter>
    </ClInclude>
    <ClInclude Include="RotateAroundComponent.h">
      <Filter>Components\Update</Filter>
    </ClInclude>
    <ClInclude Include="..\3rdParty\imgui-1.89.4\imconfig.h">
      <Filter>Imgui\Library</Filter>
    </ClInclude>
    <ClInclude Include="..\3rdParty\imgui-1.89.4\imgui.h">
      <Filter>Imgui\Library</Filter>
    </ClInclude>
    <ClInclude Include="..\3rdParty\imgui-1.89.4\backends\imgui_impl_opengl2.h">
      <Filter>Imgui\Library</Filter>
    </ClInclude>
    <ClInclude Include="..\3rdParty\imgui-1.89.4\backends\imgui_impl_sdl2.h">
      <Filter>Imgui\Library</Filter>
    </ClInclude>
    <ClInclude Include="..\3rdParty\imgui-1.89.4\imgui_internal.h">
      <Filter>Imgui\Library</Filter>
    </ClInclude>
    <ClInclude Include="..\3rdParty\imgui-1.89.4\imgui_plot.h">
      <Filter>Imgui\Library</Filter>
    </ClInclude>
    <ClInclude Include="..\3rdParty\imgui-1.89.4\imstb_rectpack.h">
      <Filter>Imgui\Library</Filter>
    </ClInclude>
    <ClInclude Include="..\3rdParty\imgui-1.89.4\imstb_textedit.h">
      <Filter>Imgui\Library</Filter>
    </ClInclude>
    <ClInclude Include="..\3rdParty\imgui-1.89.4\imstb_truetype.h">
      <Filter>Imgui\Library</Filter>
    </ClInclude>
    <ClInclude Include="TrashCacheInt.h">
      <Filter>Components\ImGUI</Filter>
    </ClInclude>
    <ClInclude Include="TrashCacheGameObject.h">
      <Filter>Components\ImGUI</Filter>
    </ClInclude>
    <ClInclude Include="Command.h">
      <Filter>Commands</Filter>
    </ClInclude>
    <ClInclude Include="Commands.h">
      <Filter>Commands</Filter>
    </ClInclude>
    <ClInclude Include="InputManager.h">
      <Filter>Input</Filter>
    </ClInclude>
    <ClInclude Include="Controller.h">
      <Filter>Input</Filter>
    </ClInclude>
    <ClInclude Include="Font.h">
      <Filter>Render</Filter>
    </ClInclude>
    <ClInclude Include="Renderer.h">
      <Filter>Render</Filter>
    </ClInclude>
    <ClInclude Include="Texture2D.h">
      <Filter>Render</Filter>
    </ClInclude>
    <ClInclude Include="Observer.h">
      <Filter>EventSystem</Filter>
    </ClInclude>
    <ClInclude Include="Event.h">
      <Filter>EventSystem</Filter>
    </ClInclude>
    <ClInclude Include="HealthComponent.h">
      <Filter>Components\Data</Filter>
    </ClInclude>
    <ClInclude Include="EventQueue.h">
      <Filter>EventSystem</Filter>
    </ClInclude>
    <ClInclude Include="BasicAchievements.h">
      <Filter>Other\Header Files</Filter>
    </ClInclude>
    <ClInclude Include="Subject.h">
      <Filter>EventSystem</Filter>
    </ClInclude>
  </ItemGroup>
  <ItemGroup>
    <ClCompile Include="ResourceManager.cpp">
      <Filter>Other\Source Files</Filter>
    </ClCompile>
    <ClCompile Include="GameObject.cpp">
      <Filter>Other\Source Files</Filter>
    </ClCompile>
    <ClCompile Include="Scene.cpp">
      <Filter>Other\Source Files</Filter>
    </ClCompile>
    <ClCompile Include="SceneManager.cpp">
      <Filter>Other\Source Files</Filter>
    </ClCompile>
    <ClCompile Include="Main.cpp">
      <Filter>Other\Source Files</Filter>
    </ClCompile>
    <ClCompile Include="Minigin.cpp">
      <Filter>Other\Source Files</Filter>
    </ClCompile>
    <ClCompile Include="FPS.cpp">
      <Filter>Components\Update</Filter>
    </ClCompile>
    <ClCompile Include="SpriteRenderer.cpp">
      <Filter>Components\Render</Filter>
    </ClCompile>
    <ClCompile Include="Transform.cpp">
      <Filter>Components\Data</Filter>
    </ClCompile>
    <ClCompile Include="TextRenderer.cpp">
      <Filter>Components\Update</Filter>
    </ClCompile>
    <ClCompile Include="RotateAroundComponent.cpp">
      <Filter>Components\Update</Filter>
    </ClCompile>
    <ClCompile Include="..\3rdParty\imgui-1.89.4\imgui.cpp">
      <Filter>Imgui\Library</Filter>
    </ClCompile>
    <ClCompile Include="..\3rdParty\imgui-1.89.4\imgui_demo.cpp">
      <Filter>Imgui\Library</Filter>
    </ClCompile>
    <ClCompile Include="..\3rdParty\imgui-1.89.4\imgui_draw.cpp">
      <Filter>Imgui\Library</Filter>
    </ClCompile>
    <ClCompile Include="..\3rdParty\imgui-1.89.4\backends\imgui_impl_opengl2.cpp">
      <Filter>Imgui\Library</Filter>
    </ClCompile>
    <ClCompile Include="..\3rdParty\imgui-1.89.4\backends\imgui_impl_sdl2.cpp">
      <Filter>Imgui\Library</Filter>
    </ClCompile>
    <ClCompile Include="..\3rdParty\imgui-1.89.4\imgui_plot.cpp">
      <Filter>Imgui\Library</Filter>
    </ClCompile>
    <ClCompile Include="..\3rdParty\imgui-1.89.4\imgui_tables.cpp">
      <Filter>Imgui\Library</Filter>
    </ClCompile>
    <ClCompile Include="..\3rdParty\imgui-1.89.4\imgui_widgets.cpp">
      <Filter>Imgui\Library</Filter>
    </ClCompile>
    <ClCompile Include="TrashCacheInt.cpp">
      <Filter>Components\ImGUI</Filter>
    </ClCompile>
    <ClCompile Include="TrashCacheGameObject.cpp">
      <Filter>Components\ImGUI</Filter>
    </ClCompile>
    <ClCompile Include="Commands.cpp">
      <Filter>Commands</Filter>
    </ClCompile>
    <ClCompile Include="Controller.cpp">
      <Filter>Input</Filter>
    </ClCompile>
    <ClCompile Include="InputManager.cpp">
      <Filter>Input</Filter>
    </ClCompile>
    <ClCompile Include="Font.cpp">
      <Filter>Render</Filter>
    </ClCompile>
    <ClCompile Include="Renderer.cpp">
      <Filter>Render</Filter>
    </ClCompile>
    <ClCompile Include="Texture2D.cpp">
      <Filter>Render</Filter>
    </ClCompile>
    <ClCompile Include="HealthComponent.cpp">
      <Filter>Components\Data</Filter>
    </ClCompile>
    <ClCompile Include="EventQueue.cpp">
      <Filter>EventSystem</Filter>
    </ClCompile>
    <ClCompile Include="BasicAchievements.cpp">
      <Filter>Other\Source Files</Filter>
    </ClCompile>
  </ItemGroup>
  <ItemGroup>
    <None Include="Component.cd" />
  </ItemGroup>
</Project>